// !$*UTF8*$!
{
	archiveVersion = 1;
	classes = {
	};
	objectVersion = 56;
	objects = {

/* Begin PBXBuildFile section */
		CE1769932B1E285C0064DA32 /* ProductsListVM.swift in Sources */ = {isa = PBXBuildFile; fileRef = CE1769912B1E285C0064DA32 /* ProductsListVM.swift */; };
		CE1769942B1E285C0064DA32 /* ProductsListScreen.swift in Sources */ = {isa = PBXBuildFile; fileRef = CE1769922B1E285C0064DA32 /* ProductsListScreen.swift */; };
		CE1769992B1E29E70064DA32 /* Typography.swift in Sources */ = {isa = PBXBuildFile; fileRef = CE1769962B1E29E70064DA32 /* Typography.swift */; };
		CE17699A2B1E29E70064DA32 /* Typography+Styles.swift in Sources */ = {isa = PBXBuildFile; fileRef = CE1769972B1E29E70064DA32 /* Typography+Styles.swift */; };
		CE17699B2B1E29E70064DA32 /* TypographyText.swift in Sources */ = {isa = PBXBuildFile; fileRef = CE1769982B1E29E70064DA32 /* TypographyText.swift */; };
		CE17699F2B1E29F50064DA32 /* ProductItem.swift in Sources */ = {isa = PBXBuildFile; fileRef = CE17699D2B1E29F50064DA32 /* ProductItem.swift */; };
		CE1769A02B1E29F50064DA32 /* Badges.swift in Sources */ = {isa = PBXBuildFile; fileRef = CE17699E2B1E29F50064DA32 /* Badges.swift */; };
		CE4541102B09F5E90031BC53 /* RegisterPayload.swift in Sources */ = {isa = PBXBuildFile; fileRef = CE45410F2B09F5E90031BC53 /* RegisterPayload.swift */; };
		CE4541142B09F6050031BC53 /* RegisterResponse.swift in Sources */ = {isa = PBXBuildFile; fileRef = CE4541132B09F6050031BC53 /* RegisterResponse.swift */; };
		CE8C9DBC2B1E3F3B00A825FE /* NextPageLoader.swift in Sources */ = {isa = PBXBuildFile; fileRef = CE8C9DBB2B1E3F3B00A825FE /* NextPageLoader.swift */; };
		CE8EE4A02B04953D00D00ABE /* School_iOSApp.swift in Sources */ = {isa = PBXBuildFile; fileRef = CE8EE49F2B04953D00D00ABE /* School_iOSApp.swift */; };
		CE8EE4A42B04953E00D00ABE /* Assets.xcassets in Resources */ = {isa = PBXBuildFile; fileRef = CE8EE4A32B04953E00D00ABE /* Assets.xcassets */; };
		CE8EE4A72B04953E00D00ABE /* Preview Assets.xcassets in Resources */ = {isa = PBXBuildFile; fileRef = CE8EE4A62B04953E00D00ABE /* Preview Assets.xcassets */; };
		CE8EE4B02B04994E00D00ABE /* Localizable.strings in Resources */ = {isa = PBXBuildFile; fileRef = CE8EE4AF2B04994E00D00ABE /* Localizable.strings */; };
		CE8EE4B62B0499F900D00ABE /* AuthScreen.swift in Sources */ = {isa = PBXBuildFile; fileRef = CE8EE4B52B0499F900D00ABE /* AuthScreen.swift */; };
		CE8EE4BA2B049A1100D00ABE /* AuthVM.swift in Sources */ = {isa = PBXBuildFile; fileRef = CE8EE4B92B049A1100D00ABE /* AuthVM.swift */; };
		CE8EE4BE2B04D66000D00ABE /* RegisterScreen.swift in Sources */ = {isa = PBXBuildFile; fileRef = CE8EE4BD2B04D66000D00ABE /* RegisterScreen.swift */; };
		CE8EE4C02B04D66F00D00ABE /* RegisterVM.swift in Sources */ = {isa = PBXBuildFile; fileRef = CE8EE4BF2B04D66F00D00ABE /* RegisterVM.swift */; };
		CE8EE4C32B04DDCF00D00ABE /* InputField.swift in Sources */ = {isa = PBXBuildFile; fileRef = CE8EE4C22B04DDCF00D00ABE /* InputField.swift */; };
		CE8EE4C52B04DDDD00D00ABE /* InputFieldModel.swift in Sources */ = {isa = PBXBuildFile; fileRef = CE8EE4C42B04DDDD00D00ABE /* InputFieldModel.swift */; };
		CE8EE4CA2B04E11E00D00ABE /* Assets.swift in Sources */ = {isa = PBXBuildFile; fileRef = CE8EE4C82B04E11E00D00ABE /* Assets.swift */; };
		CE8EE4CB2B04E11E00D00ABE /* Strings.swift in Sources */ = {isa = PBXBuildFile; fileRef = CE8EE4C92B04E11E00D00ABE /* Strings.swift */; };
		CE8EE4D82B04EC5100D00ABE /* StyledButton.swift in Sources */ = {isa = PBXBuildFile; fileRef = CE8EE4D72B04EC5100D00ABE /* StyledButton.swift */; };
		CE8EE4DA2B04EC6100D00ABE /* StyledButtonStyle.swift in Sources */ = {isa = PBXBuildFile; fileRef = CE8EE4D92B04EC6100D00ABE /* StyledButtonStyle.swift */; };
		CE8EE4DC2B04EC6C00D00ABE /* StyledButtonStyle+Default.swift in Sources */ = {isa = PBXBuildFile; fileRef = CE8EE4DB2B04EC6C00D00ABE /* StyledButtonStyle+Default.swift */; };
		CE8EE4DF2B04ED1400D00ABE /* Loader.swift in Sources */ = {isa = PBXBuildFile; fileRef = CE8EE4DE2B04ED1400D00ABE /* Loader.swift */; };
		CE8EE4E12B04ED2700D00ABE /* LoaderModifier.swift in Sources */ = {isa = PBXBuildFile; fileRef = CE8EE4E02B04ED2700D00ABE /* LoaderModifier.swift */; };
		CE8EE4E42B04FD0600D00ABE /* UserImage.swift in Sources */ = {isa = PBXBuildFile; fileRef = CE8EE4E32B04FD0600D00ABE /* UserImage.swift */; };
		CE8EE4E62B04FD1600D00ABE /* UserImageModel.swift in Sources */ = {isa = PBXBuildFile; fileRef = CE8EE4E52B04FD1600D00ABE /* UserImageModel.swift */; };
		CE91ED312B14A1070067E324 /* Order.swift in Sources */ = {isa = PBXBuildFile; fileRef = CE91ED302B14A1070067E324 /* Order.swift */; };
		CE91ED362B14A4BD0067E324 /* SecureInputField.swift in Sources */ = {isa = PBXBuildFile; fileRef = CE91ED352B14A4BD0067E324 /* SecureInputField.swift */; };
		CE91ED3B2B14A9EB0067E324 /* Checkbox.swift in Sources */ = {isa = PBXBuildFile; fileRef = CE91ED3A2B14A9EB0067E324 /* Checkbox.swift */; };
		CE91ED3D2B14AA950067E324 /* CheckboxStyle.swift in Sources */ = {isa = PBXBuildFile; fileRef = CE91ED3C2B14AA950067E324 /* CheckboxStyle.swift */; };
		CE91ED3F2B14AB280067E324 /* CheckboxStyle+Default.swift in Sources */ = {isa = PBXBuildFile; fileRef = CE91ED3E2B14AB280067E324 /* CheckboxStyle+Default.swift */; };
		CE91ED422B14B91D0067E324 /* FieldType.swift in Sources */ = {isa = PBXBuildFile; fileRef = CE91ED412B14B91D0067E324 /* FieldType.swift */; };
		CE91ED442B14B95C0067E324 /* Validators.swift in Sources */ = {isa = PBXBuildFile; fileRef = CE91ED432B14B95C0067E324 /* Validators.swift */; };
		CEB6D4CE2B09EE0E00AF598C /* netfox in Frameworks */ = {isa = PBXBuildFile; productRef = CEB6D4CD2B09EE0E00AF598C /* netfox */; };
		CEB6D4D12B09EE2900AF598C /* Factory in Frameworks */ = {isa = PBXBuildFile; productRef = CEB6D4D02B09EE2900AF598C /* Factory */; };
		CEB6D4D72B09EFCB00AF598C /* AuthRequest.swift in Sources */ = {isa = PBXBuildFile; fileRef = CEB6D4D42B09EFCB00AF598C /* AuthRequest.swift */; };
		CEB6D4D82B09EFCB00AF598C /* AuthResponse.swift in Sources */ = {isa = PBXBuildFile; fileRef = CEB6D4D52B09EFCB00AF598C /* AuthResponse.swift */; };
		CEB6D4D92B09EFCB00AF598C /* AuthPayload.swift in Sources */ = {isa = PBXBuildFile; fileRef = CEB6D4D62B09EFCB00AF598C /* AuthPayload.swift */; };
		CEB6D51A2B09F10500AF598C /* UserDefaultValue.swift in Sources */ = {isa = PBXBuildFile; fileRef = CEB6D5192B09F10500AF598C /* UserDefaultValue.swift */; };
		CEB6D51F2B09F25700AF598C /* CoreFactory.swift in Sources */ = {isa = PBXBuildFile; fileRef = CEB6D51E2B09F25700AF598C /* CoreFactory.swift */; };
		CEB6D53E2B09F27000AF598C /* RestResult.swift in Sources */ = {isa = PBXBuildFile; fileRef = CEB6D5222B09F27000AF598C /* RestResult.swift */; };
		CEB6D53F2B09F27000AF598C /* RestConfiguration.swift in Sources */ = {isa = PBXBuildFile; fileRef = CEB6D5232B09F27000AF598C /* RestConfiguration.swift */; };
		CEB6D5402B09F27000AF598C /* RestParameters.swift in Sources */ = {isa = PBXBuildFile; fileRef = CEB6D5242B09F27000AF598C /* RestParameters.swift */; };
		CEB6D5412B09F27000AF598C /* RestProvider.swift in Sources */ = {isa = PBXBuildFile; fileRef = CEB6D5252B09F27000AF598C /* RestProvider.swift */; };
		CEB6D5422B09F27000AF598C /* URLRequest+cURL.swift in Sources */ = {isa = PBXBuildFile; fileRef = CEB6D5262B09F27000AF598C /* URLRequest+cURL.swift */; };
		CEB6D5432B09F27000AF598C /* AnyDecodableWrapper.swift in Sources */ = {isa = PBXBuildFile; fileRef = CEB6D5272B09F27000AF598C /* AnyDecodableWrapper.swift */; };
		CEB6D5442B09F27000AF598C /* RequestBuilder.swift in Sources */ = {isa = PBXBuildFile; fileRef = CEB6D5282B09F27000AF598C /* RequestBuilder.swift */; };
		CEB6D5452B09F27000AF598C /* RefreshStrategy.swift in Sources */ = {isa = PBXBuildFile; fileRef = CEB6D5292B09F27000AF598C /* RefreshStrategy.swift */; };
		CEB6D5462B09F27000AF598C /* Authenticator.swift in Sources */ = {isa = PBXBuildFile; fileRef = CEB6D52A2B09F27000AF598C /* Authenticator.swift */; };
		CEB6D5472B09F27000AF598C /* NetworkErrorKind.swift in Sources */ = {isa = PBXBuildFile; fileRef = CEB6D52B2B09F27000AF598C /* NetworkErrorKind.swift */; };
		CEB6D5482B09F27000AF598C /* VoidResult.swift in Sources */ = {isa = PBXBuildFile; fileRef = CEB6D52C2B09F27000AF598C /* VoidResult.swift */; };
		CEB6D5492B09F27000AF598C /* Refresher.swift in Sources */ = {isa = PBXBuildFile; fileRef = CEB6D52D2B09F27000AF598C /* Refresher.swift */; };
		CEB6D54A2B09F27000AF598C /* Request.swift in Sources */ = {isa = PBXBuildFile; fileRef = CEB6D52E2B09F27000AF598C /* Request.swift */; };
		CEB6D54B2B09F27000AF598C /* RestMethod.swift in Sources */ = {isa = PBXBuildFile; fileRef = CEB6D52F2B09F27000AF598C /* RestMethod.swift */; };
		CEB6D54C2B09F27000AF598C /* AwesomeJSONDecoder.swift in Sources */ = {isa = PBXBuildFile; fileRef = CEB6D5302B09F27000AF598C /* AwesomeJSONDecoder.swift */; };
		CEB6D54D2B09F27000AF598C /* NetworkError.swift in Sources */ = {isa = PBXBuildFile; fileRef = CEB6D5312B09F27000AF598C /* NetworkError.swift */; };
		CEB6D54E2B09F27000AF598C /* RequestDataEncoder.swift in Sources */ = {isa = PBXBuildFile; fileRef = CEB6D5332B09F27000AF598C /* RequestDataEncoder.swift */; };
		CEB6D54F2B09F27000AF598C /* BaseRequest.swift in Sources */ = {isa = PBXBuildFile; fileRef = CEB6D5342B09F27000AF598C /* BaseRequest.swift */; };
		CEB6D5502B09F27000AF598C /* BaseRestResponseWrapper.swift in Sources */ = {isa = PBXBuildFile; fileRef = CEB6D5352B09F27000AF598C /* BaseRestResponseWrapper.swift */; };
		CEB6D5512B09F27000AF598C /* ErrorRestResponseWrapper.swift in Sources */ = {isa = PBXBuildFile; fileRef = CEB6D5362B09F27000AF598C /* ErrorRestResponseWrapper.swift */; };
		CEB6D5522B09F27000AF598C /* BaseRequestBuilder.swift in Sources */ = {isa = PBXBuildFile; fileRef = CEB6D5372B09F27000AF598C /* BaseRequestBuilder.swift */; };
		CEB6D5532B09F27000AF598C /* BaseRefreshStrategy.swift in Sources */ = {isa = PBXBuildFile; fileRef = CEB6D5382B09F27000AF598C /* BaseRefreshStrategy.swift */; };
		CEB6D5542B09F27000AF598C /* BaseRestProvider.swift in Sources */ = {isa = PBXBuildFile; fileRef = CEB6D5392B09F27000AF598C /* BaseRestProvider.swift */; };
		CEB6D5552B09F27000AF598C /* BaseRefresher.swift in Sources */ = {isa = PBXBuildFile; fileRef = CEB6D53A2B09F27000AF598C /* BaseRefresher.swift */; };
		CEB6D5562B09F27000AF598C /* RestProvider+Base.swift in Sources */ = {isa = PBXBuildFile; fileRef = CEB6D53B2B09F27000AF598C /* RestProvider+Base.swift */; };
		CEB6D5572B09F27000AF598C /* RestParameters+Base.swift in Sources */ = {isa = PBXBuildFile; fileRef = CEB6D53C2B09F27000AF598C /* RestParameters+Base.swift */; };
		CEB6D5582B09F27000AF598C /* BaseAuthenticator.swift in Sources */ = {isa = PBXBuildFile; fileRef = CEB6D53D2B09F27000AF598C /* BaseAuthenticator.swift */; };
		CEB6D55A2B09F27E00AF598C /* Store.swift in Sources */ = {isa = PBXBuildFile; fileRef = CEB6D5592B09F27E00AF598C /* Store.swift */; };
		CEB6D55C2B09F34000AF598C /* AppState.swift in Sources */ = {isa = PBXBuildFile; fileRef = CEB6D55B2B09F34000AF598C /* AppState.swift */; };
		CEBF8B772B1EFB2300B4191F /* PlaceholderView.swift in Sources */ = {isa = PBXBuildFile; fileRef = CEBF8B762B1EFB2300B4191F /* PlaceholderView.swift */; };
		CEBF8B792B1EFB3900B4191F /* PlaceholderViewModifier.swift in Sources */ = {isa = PBXBuildFile; fileRef = CEBF8B782B1EFB3900B4191F /* PlaceholderViewModifier.swift */; };
		CEBF8B7B2B1EFB4300B4191F /* PlaceholderModel.swift in Sources */ = {isa = PBXBuildFile; fileRef = CEBF8B7A2B1EFB4300B4191F /* PlaceholderModel.swift */; };
		CEBF8B7D2B1F084300B4191F /* ProductsListRoutes.swift in Sources */ = {isa = PBXBuildFile; fileRef = CEBF8B7C2B1F084300B4191F /* ProductsListRoutes.swift */; };
		CEBF8B802B1F0AEC00B4191F /* TabBar.swift in Sources */ = {isa = PBXBuildFile; fileRef = CEBF8B7F2B1F0AEC00B4191F /* TabBar.swift */; };
		CEC08D4D2B0B9825007EB762 /* CircularUserImage.swift in Sources */ = {isa = PBXBuildFile; fileRef = CEC08D4C2B0B9825007EB762 /* CircularUserImage.swift */; };
		CEC08D4F2B0B983C007EB762 /* EditableCircularUserImage.swift in Sources */ = {isa = PBXBuildFile; fileRef = CEC08D4E2B0B983C007EB762 /* EditableCircularUserImage.swift */; };
		CECA79332B0C91DD00526D52 /* Profile.swift in Sources */ = {isa = PBXBuildFile; fileRef = CECA79322B0C91DD00526D52 /* Profile.swift */; };
		CECA79362B0C923A00526D52 /* UserRequest.swift in Sources */ = {isa = PBXBuildFile; fileRef = CECA79352B0C923A00526D52 /* UserRequest.swift */; };
		CECA79382B0C974700526D52 /* UpdateUserPayload.swift in Sources */ = {isa = PBXBuildFile; fileRef = CECA79372B0C974700526D52 /* UpdateUserPayload.swift */; };
		CEF2A1FE2B0F82BA000A7227 /* Product.swift in Sources */ = {isa = PBXBuildFile; fileRef = CEF2A1FD2B0F82BA000A7227 /* Product.swift */; };
		CEF2A2002B0F835C000A7227 /* Badge.swift in Sources */ = {isa = PBXBuildFile; fileRef = CEF2A1FF2B0F835C000A7227 /* Badge.swift */; };
		CEF2A2022B0F83C1000A7227 /* Size.swift in Sources */ = {isa = PBXBuildFile; fileRef = CEF2A2012B0F83C1000A7227 /* Size.swift */; };
		CEF2A2062B0F867E000A7227 /* ProductRequest.swift in Sources */ = {isa = PBXBuildFile; fileRef = CEF2A2052B0F867E000A7227 /* ProductRequest.swift */; };
		CEF2A20F2B0F90D4000A7227 /* OrdersRequest.swift in Sources */ = {isa = PBXBuildFile; fileRef = CEF2A20E2B0F90D4000A7227 /* OrdersRequest.swift */; };
		CEF2A2112B0F927C000A7227 /* OrderProduct.swift in Sources */ = {isa = PBXBuildFile; fileRef = CEF2A2102B0F927C000A7227 /* OrderProduct.swift */; };
		CEF2A2132B0F9385000A7227 /* OrderCheckout.swift in Sources */ = {isa = PBXBuildFile; fileRef = CEF2A2122B0F9385000A7227 /* OrderCheckout.swift */; };
		CEF2A2152B0F988B000A7227 /* PhotoPayload.swift in Sources */ = {isa = PBXBuildFile; fileRef = CEF2A2142B0F988B000A7227 /* PhotoPayload.swift */; };
/* End PBXBuildFile section */

/* Begin PBXFileReference section */
		CE1769912B1E285C0064DA32 /* ProductsListVM.swift */ = {isa = PBXFileReference; fileEncoding = 4; lastKnownFileType = sourcecode.swift; path = ProductsListVM.swift; sourceTree = "<group>"; };
		CE1769922B1E285C0064DA32 /* ProductsListScreen.swift */ = {isa = PBXFileReference; fileEncoding = 4; lastKnownFileType = sourcecode.swift; path = ProductsListScreen.swift; sourceTree = "<group>"; };
		CE1769962B1E29E70064DA32 /* Typography.swift */ = {isa = PBXFileReference; fileEncoding = 4; lastKnownFileType = sourcecode.swift; path = Typography.swift; sourceTree = "<group>"; };
		CE1769972B1E29E70064DA32 /* Typography+Styles.swift */ = {isa = PBXFileReference; fileEncoding = 4; lastKnownFileType = sourcecode.swift; path = "Typography+Styles.swift"; sourceTree = "<group>"; };
		CE1769982B1E29E70064DA32 /* TypographyText.swift */ = {isa = PBXFileReference; fileEncoding = 4; lastKnownFileType = sourcecode.swift; path = TypographyText.swift; sourceTree = "<group>"; };
		CE17699D2B1E29F50064DA32 /* ProductItem.swift */ = {isa = PBXFileReference; fileEncoding = 4; lastKnownFileType = sourcecode.swift; path = ProductItem.swift; sourceTree = "<group>"; };
		CE17699E2B1E29F50064DA32 /* Badges.swift */ = {isa = PBXFileReference; fileEncoding = 4; lastKnownFileType = sourcecode.swift; path = Badges.swift; sourceTree = "<group>"; };
		CE45410F2B09F5E90031BC53 /* RegisterPayload.swift */ = {isa = PBXFileReference; lastKnownFileType = sourcecode.swift; path = RegisterPayload.swift; sourceTree = "<group>"; };
		CE4541132B09F6050031BC53 /* RegisterResponse.swift */ = {isa = PBXFileReference; lastKnownFileType = sourcecode.swift; path = RegisterResponse.swift; sourceTree = "<group>"; };
		CE4541172B09FC3E0031BC53 /* Info.plist */ = {isa = PBXFileReference; lastKnownFileType = text.plist.xml; path = Info.plist; sourceTree = "<group>"; };
		CE8C9DBB2B1E3F3B00A825FE /* NextPageLoader.swift */ = {isa = PBXFileReference; lastKnownFileType = sourcecode.swift; path = NextPageLoader.swift; sourceTree = "<group>"; };
		CE8EE49C2B04953D00D00ABE /* School-iOS.app */ = {isa = PBXFileReference; explicitFileType = wrapper.application; includeInIndex = 0; path = "School-iOS.app"; sourceTree = BUILT_PRODUCTS_DIR; };
		CE8EE49F2B04953D00D00ABE /* School_iOSApp.swift */ = {isa = PBXFileReference; lastKnownFileType = sourcecode.swift; path = School_iOSApp.swift; sourceTree = "<group>"; };
		CE8EE4A32B04953E00D00ABE /* Assets.xcassets */ = {isa = PBXFileReference; lastKnownFileType = folder.assetcatalog; path = Assets.xcassets; sourceTree = "<group>"; };
		CE8EE4A62B04953E00D00ABE /* Preview Assets.xcassets */ = {isa = PBXFileReference; lastKnownFileType = folder.assetcatalog; path = "Preview Assets.xcassets"; sourceTree = "<group>"; };
		CE8EE4AF2B04994E00D00ABE /* Localizable.strings */ = {isa = PBXFileReference; lastKnownFileType = text.plist.strings; path = Localizable.strings; sourceTree = "<group>"; };
		CE8EE4B52B0499F900D00ABE /* AuthScreen.swift */ = {isa = PBXFileReference; lastKnownFileType = sourcecode.swift; path = AuthScreen.swift; sourceTree = "<group>"; };
		CE8EE4B92B049A1100D00ABE /* AuthVM.swift */ = {isa = PBXFileReference; lastKnownFileType = sourcecode.swift; path = AuthVM.swift; sourceTree = "<group>"; };
		CE8EE4BD2B04D66000D00ABE /* RegisterScreen.swift */ = {isa = PBXFileReference; lastKnownFileType = sourcecode.swift; path = RegisterScreen.swift; sourceTree = "<group>"; };
		CE8EE4BF2B04D66F00D00ABE /* RegisterVM.swift */ = {isa = PBXFileReference; lastKnownFileType = sourcecode.swift; path = RegisterVM.swift; sourceTree = "<group>"; };
		CE8EE4C22B04DDCF00D00ABE /* InputField.swift */ = {isa = PBXFileReference; lastKnownFileType = sourcecode.swift; path = InputField.swift; sourceTree = "<group>"; };
		CE8EE4C42B04DDDD00D00ABE /* InputFieldModel.swift */ = {isa = PBXFileReference; lastKnownFileType = sourcecode.swift; path = InputFieldModel.swift; sourceTree = "<group>"; };
		CE8EE4C82B04E11E00D00ABE /* Assets.swift */ = {isa = PBXFileReference; fileEncoding = 4; lastKnownFileType = sourcecode.swift; path = Assets.swift; sourceTree = "<group>"; };
		CE8EE4C92B04E11E00D00ABE /* Strings.swift */ = {isa = PBXFileReference; fileEncoding = 4; lastKnownFileType = sourcecode.swift; path = Strings.swift; sourceTree = "<group>"; };
		CE8EE4D72B04EC5100D00ABE /* StyledButton.swift */ = {isa = PBXFileReference; lastKnownFileType = sourcecode.swift; path = StyledButton.swift; sourceTree = "<group>"; };
		CE8EE4D92B04EC6100D00ABE /* StyledButtonStyle.swift */ = {isa = PBXFileReference; lastKnownFileType = sourcecode.swift; path = StyledButtonStyle.swift; sourceTree = "<group>"; };
		CE8EE4DB2B04EC6C00D00ABE /* StyledButtonStyle+Default.swift */ = {isa = PBXFileReference; lastKnownFileType = sourcecode.swift; path = "StyledButtonStyle+Default.swift"; sourceTree = "<group>"; };
		CE8EE4DE2B04ED1400D00ABE /* Loader.swift */ = {isa = PBXFileReference; lastKnownFileType = sourcecode.swift; path = Loader.swift; sourceTree = "<group>"; };
		CE8EE4E02B04ED2700D00ABE /* LoaderModifier.swift */ = {isa = PBXFileReference; lastKnownFileType = sourcecode.swift; path = LoaderModifier.swift; sourceTree = "<group>"; };
		CE8EE4E32B04FD0600D00ABE /* UserImage.swift */ = {isa = PBXFileReference; lastKnownFileType = sourcecode.swift; path = UserImage.swift; sourceTree = "<group>"; };
		CE8EE4E52B04FD1600D00ABE /* UserImageModel.swift */ = {isa = PBXFileReference; lastKnownFileType = sourcecode.swift; path = UserImageModel.swift; sourceTree = "<group>"; };
		CE91ED302B14A1070067E324 /* Order.swift */ = {isa = PBXFileReference; lastKnownFileType = sourcecode.swift; path = Order.swift; sourceTree = "<group>"; };
		CE91ED352B14A4BD0067E324 /* SecureInputField.swift */ = {isa = PBXFileReference; lastKnownFileType = sourcecode.swift; path = SecureInputField.swift; sourceTree = "<group>"; };
		CE91ED3A2B14A9EB0067E324 /* Checkbox.swift */ = {isa = PBXFileReference; lastKnownFileType = sourcecode.swift; path = Checkbox.swift; sourceTree = "<group>"; };
		CE91ED3C2B14AA950067E324 /* CheckboxStyle.swift */ = {isa = PBXFileReference; lastKnownFileType = sourcecode.swift; path = CheckboxStyle.swift; sourceTree = "<group>"; };
		CE91ED3E2B14AB280067E324 /* CheckboxStyle+Default.swift */ = {isa = PBXFileReference; lastKnownFileType = sourcecode.swift; path = "CheckboxStyle+Default.swift"; sourceTree = "<group>"; };
		CE91ED412B14B91D0067E324 /* FieldType.swift */ = {isa = PBXFileReference; lastKnownFileType = sourcecode.swift; path = FieldType.swift; sourceTree = "<group>"; };
		CE91ED432B14B95C0067E324 /* Validators.swift */ = {isa = PBXFileReference; lastKnownFileType = sourcecode.swift; path = Validators.swift; sourceTree = "<group>"; };
		CEB6D4D42B09EFCB00AF598C /* AuthRequest.swift */ = {isa = PBXFileReference; fileEncoding = 4; lastKnownFileType = sourcecode.swift; path = AuthRequest.swift; sourceTree = "<group>"; };
		CEB6D4D52B09EFCB00AF598C /* AuthResponse.swift */ = {isa = PBXFileReference; fileEncoding = 4; lastKnownFileType = sourcecode.swift; path = AuthResponse.swift; sourceTree = "<group>"; };
		CEB6D4D62B09EFCB00AF598C /* AuthPayload.swift */ = {isa = PBXFileReference; fileEncoding = 4; lastKnownFileType = sourcecode.swift; path = AuthPayload.swift; sourceTree = "<group>"; };
		CEB6D5192B09F10500AF598C /* UserDefaultValue.swift */ = {isa = PBXFileReference; lastKnownFileType = sourcecode.swift; path = UserDefaultValue.swift; sourceTree = "<group>"; };
		CEB6D51E2B09F25700AF598C /* CoreFactory.swift */ = {isa = PBXFileReference; fileEncoding = 4; lastKnownFileType = sourcecode.swift; path = CoreFactory.swift; sourceTree = "<group>"; };
		CEB6D5222B09F27000AF598C /* RestResult.swift */ = {isa = PBXFileReference; fileEncoding = 4; lastKnownFileType = sourcecode.swift; path = RestResult.swift; sourceTree = "<group>"; };
		CEB6D5232B09F27000AF598C /* RestConfiguration.swift */ = {isa = PBXFileReference; fileEncoding = 4; lastKnownFileType = sourcecode.swift; path = RestConfiguration.swift; sourceTree = "<group>"; };
		CEB6D5242B09F27000AF598C /* RestParameters.swift */ = {isa = PBXFileReference; fileEncoding = 4; lastKnownFileType = sourcecode.swift; path = RestParameters.swift; sourceTree = "<group>"; };
		CEB6D5252B09F27000AF598C /* RestProvider.swift */ = {isa = PBXFileReference; fileEncoding = 4; lastKnownFileType = sourcecode.swift; path = RestProvider.swift; sourceTree = "<group>"; };
		CEB6D5262B09F27000AF598C /* URLRequest+cURL.swift */ = {isa = PBXFileReference; fileEncoding = 4; lastKnownFileType = sourcecode.swift; path = "URLRequest+cURL.swift"; sourceTree = "<group>"; };
		CEB6D5272B09F27000AF598C /* AnyDecodableWrapper.swift */ = {isa = PBXFileReference; fileEncoding = 4; lastKnownFileType = sourcecode.swift; path = AnyDecodableWrapper.swift; sourceTree = "<group>"; };
		CEB6D5282B09F27000AF598C /* RequestBuilder.swift */ = {isa = PBXFileReference; fileEncoding = 4; lastKnownFileType = sourcecode.swift; path = RequestBuilder.swift; sourceTree = "<group>"; };
		CEB6D5292B09F27000AF598C /* RefreshStrategy.swift */ = {isa = PBXFileReference; fileEncoding = 4; lastKnownFileType = sourcecode.swift; path = RefreshStrategy.swift; sourceTree = "<group>"; };
		CEB6D52A2B09F27000AF598C /* Authenticator.swift */ = {isa = PBXFileReference; fileEncoding = 4; lastKnownFileType = sourcecode.swift; path = Authenticator.swift; sourceTree = "<group>"; };
		CEB6D52B2B09F27000AF598C /* NetworkErrorKind.swift */ = {isa = PBXFileReference; fileEncoding = 4; lastKnownFileType = sourcecode.swift; path = NetworkErrorKind.swift; sourceTree = "<group>"; };
		CEB6D52C2B09F27000AF598C /* VoidResult.swift */ = {isa = PBXFileReference; fileEncoding = 4; lastKnownFileType = sourcecode.swift; path = VoidResult.swift; sourceTree = "<group>"; };
		CEB6D52D2B09F27000AF598C /* Refresher.swift */ = {isa = PBXFileReference; fileEncoding = 4; lastKnownFileType = sourcecode.swift; path = Refresher.swift; sourceTree = "<group>"; };
		CEB6D52E2B09F27000AF598C /* Request.swift */ = {isa = PBXFileReference; fileEncoding = 4; lastKnownFileType = sourcecode.swift; path = Request.swift; sourceTree = "<group>"; };
		CEB6D52F2B09F27000AF598C /* RestMethod.swift */ = {isa = PBXFileReference; fileEncoding = 4; lastKnownFileType = sourcecode.swift; path = RestMethod.swift; sourceTree = "<group>"; };
		CEB6D5302B09F27000AF598C /* AwesomeJSONDecoder.swift */ = {isa = PBXFileReference; fileEncoding = 4; lastKnownFileType = sourcecode.swift; path = AwesomeJSONDecoder.swift; sourceTree = "<group>"; };
		CEB6D5312B09F27000AF598C /* NetworkError.swift */ = {isa = PBXFileReference; fileEncoding = 4; lastKnownFileType = sourcecode.swift; path = NetworkError.swift; sourceTree = "<group>"; };
		CEB6D5332B09F27000AF598C /* RequestDataEncoder.swift */ = {isa = PBXFileReference; fileEncoding = 4; lastKnownFileType = sourcecode.swift; path = RequestDataEncoder.swift; sourceTree = "<group>"; };
		CEB6D5342B09F27000AF598C /* BaseRequest.swift */ = {isa = PBXFileReference; fileEncoding = 4; lastKnownFileType = sourcecode.swift; path = BaseRequest.swift; sourceTree = "<group>"; };
		CEB6D5352B09F27000AF598C /* BaseRestResponseWrapper.swift */ = {isa = PBXFileReference; fileEncoding = 4; lastKnownFileType = sourcecode.swift; path = BaseRestResponseWrapper.swift; sourceTree = "<group>"; };
		CEB6D5362B09F27000AF598C /* ErrorRestResponseWrapper.swift */ = {isa = PBXFileReference; fileEncoding = 4; lastKnownFileType = sourcecode.swift; path = ErrorRestResponseWrapper.swift; sourceTree = "<group>"; };
		CEB6D5372B09F27000AF598C /* BaseRequestBuilder.swift */ = {isa = PBXFileReference; fileEncoding = 4; lastKnownFileType = sourcecode.swift; path = BaseRequestBuilder.swift; sourceTree = "<group>"; };
		CEB6D5382B09F27000AF598C /* BaseRefreshStrategy.swift */ = {isa = PBXFileReference; fileEncoding = 4; lastKnownFileType = sourcecode.swift; path = BaseRefreshStrategy.swift; sourceTree = "<group>"; };
		CEB6D5392B09F27000AF598C /* BaseRestProvider.swift */ = {isa = PBXFileReference; fileEncoding = 4; lastKnownFileType = sourcecode.swift; path = BaseRestProvider.swift; sourceTree = "<group>"; };
		CEB6D53A2B09F27000AF598C /* BaseRefresher.swift */ = {isa = PBXFileReference; fileEncoding = 4; lastKnownFileType = sourcecode.swift; path = BaseRefresher.swift; sourceTree = "<group>"; };
		CEB6D53B2B09F27000AF598C /* RestProvider+Base.swift */ = {isa = PBXFileReference; fileEncoding = 4; lastKnownFileType = sourcecode.swift; path = "RestProvider+Base.swift"; sourceTree = "<group>"; };
		CEB6D53C2B09F27000AF598C /* RestParameters+Base.swift */ = {isa = PBXFileReference; fileEncoding = 4; lastKnownFileType = sourcecode.swift; path = "RestParameters+Base.swift"; sourceTree = "<group>"; };
		CEB6D53D2B09F27000AF598C /* BaseAuthenticator.swift */ = {isa = PBXFileReference; fileEncoding = 4; lastKnownFileType = sourcecode.swift; path = BaseAuthenticator.swift; sourceTree = "<group>"; };
		CEB6D5592B09F27E00AF598C /* Store.swift */ = {isa = PBXFileReference; fileEncoding = 4; lastKnownFileType = sourcecode.swift; path = Store.swift; sourceTree = "<group>"; };
		CEB6D55B2B09F34000AF598C /* AppState.swift */ = {isa = PBXFileReference; lastKnownFileType = sourcecode.swift; path = AppState.swift; sourceTree = "<group>"; };
		CEBF8B762B1EFB2300B4191F /* PlaceholderView.swift */ = {isa = PBXFileReference; lastKnownFileType = sourcecode.swift; path = PlaceholderView.swift; sourceTree = "<group>"; };
		CEBF8B782B1EFB3900B4191F /* PlaceholderViewModifier.swift */ = {isa = PBXFileReference; lastKnownFileType = sourcecode.swift; path = PlaceholderViewModifier.swift; sourceTree = "<group>"; };
		CEBF8B7A2B1EFB4300B4191F /* PlaceholderModel.swift */ = {isa = PBXFileReference; lastKnownFileType = sourcecode.swift; path = PlaceholderModel.swift; sourceTree = "<group>"; };
		CEBF8B7C2B1F084300B4191F /* ProductsListRoutes.swift */ = {isa = PBXFileReference; lastKnownFileType = sourcecode.swift; path = ProductsListRoutes.swift; sourceTree = "<group>"; };
		CEBF8B7F2B1F0AEC00B4191F /* TabBar.swift */ = {isa = PBXFileReference; lastKnownFileType = sourcecode.swift; path = TabBar.swift; sourceTree = "<group>"; };
		CEC08D4C2B0B9825007EB762 /* CircularUserImage.swift */ = {isa = PBXFileReference; lastKnownFileType = sourcecode.swift; path = CircularUserImage.swift; sourceTree = "<group>"; };
		CEC08D4E2B0B983C007EB762 /* EditableCircularUserImage.swift */ = {isa = PBXFileReference; lastKnownFileType = sourcecode.swift; path = EditableCircularUserImage.swift; sourceTree = "<group>"; };
		CECA79322B0C91DD00526D52 /* Profile.swift */ = {isa = PBXFileReference; lastKnownFileType = sourcecode.swift; path = Profile.swift; sourceTree = "<group>"; };
		CECA79352B0C923A00526D52 /* UserRequest.swift */ = {isa = PBXFileReference; lastKnownFileType = sourcecode.swift; path = UserRequest.swift; sourceTree = "<group>"; };
		CECA79372B0C974700526D52 /* UpdateUserPayload.swift */ = {isa = PBXFileReference; lastKnownFileType = sourcecode.swift; path = UpdateUserPayload.swift; sourceTree = "<group>"; };
		CEF2A1FD2B0F82BA000A7227 /* Product.swift */ = {isa = PBXFileReference; lastKnownFileType = sourcecode.swift; path = Product.swift; sourceTree = "<group>"; };
		CEF2A1FF2B0F835C000A7227 /* Badge.swift */ = {isa = PBXFileReference; lastKnownFileType = sourcecode.swift; path = Badge.swift; sourceTree = "<group>"; };
		CEF2A2012B0F83C1000A7227 /* Size.swift */ = {isa = PBXFileReference; lastKnownFileType = sourcecode.swift; path = Size.swift; sourceTree = "<group>"; };
		CEF2A2052B0F867E000A7227 /* ProductRequest.swift */ = {isa = PBXFileReference; lastKnownFileType = sourcecode.swift; path = ProductRequest.swift; sourceTree = "<group>"; };
		CEF2A20E2B0F90D4000A7227 /* OrdersRequest.swift */ = {isa = PBXFileReference; lastKnownFileType = sourcecode.swift; path = OrdersRequest.swift; sourceTree = "<group>"; };
		CEF2A2102B0F927C000A7227 /* OrderProduct.swift */ = {isa = PBXFileReference; lastKnownFileType = sourcecode.swift; path = OrderProduct.swift; sourceTree = "<group>"; };
		CEF2A2122B0F9385000A7227 /* OrderCheckout.swift */ = {isa = PBXFileReference; lastKnownFileType = sourcecode.swift; path = OrderCheckout.swift; sourceTree = "<group>"; };
		CEF2A2142B0F988B000A7227 /* PhotoPayload.swift */ = {isa = PBXFileReference; lastKnownFileType = sourcecode.swift; path = PhotoPayload.swift; sourceTree = "<group>"; };
/* End PBXFileReference section */

/* Begin PBXFrameworksBuildPhase section */
		CE8EE4992B04953D00D00ABE /* Frameworks */ = {
			isa = PBXFrameworksBuildPhase;
			buildActionMask = 2147483647;
			files = (
				CEB6D4CE2B09EE0E00AF598C /* netfox in Frameworks */,
				CEB6D4D12B09EE2900AF598C /* Factory in Frameworks */,
			);
			runOnlyForDeploymentPostprocessing = 0;
		};
/* End PBXFrameworksBuildPhase section */

/* Begin PBXGroup section */
		CE1769902B1E285C0064DA32 /* ProductsList */ = {
			isa = PBXGroup;
			children = (
				CE1769912B1E285C0064DA32 /* ProductsListVM.swift */,
				CE1769922B1E285C0064DA32 /* ProductsListScreen.swift */,
				CE8C9DBB2B1E3F3B00A825FE /* NextPageLoader.swift */,
				CEBF8B7C2B1F084300B4191F /* ProductsListRoutes.swift */,
			);
			path = ProductsList;
			sourceTree = "<group>";
		};
		CE1769952B1E29E70064DA32 /* Typography */ = {
			isa = PBXGroup;
			children = (
				CE1769962B1E29E70064DA32 /* Typography.swift */,
				CE1769972B1E29E70064DA32 /* Typography+Styles.swift */,
				CE1769982B1E29E70064DA32 /* TypographyText.swift */,
			);
			path = Typography;
			sourceTree = "<group>";
		};
		CE17699C2B1E29F50064DA32 /* ProductItem */ = {
			isa = PBXGroup;
			children = (
				CE17699D2B1E29F50064DA32 /* ProductItem.swift */,
				CE17699E2B1E29F50064DA32 /* Badges.swift */,
			);
			path = ProductItem;
			sourceTree = "<group>";
		};
		CE8EE4932B04953D00D00ABE = {
			isa = PBXGroup;
			children = (
				CE91ED552B171F640067E324 /* School-iOS */,
				CE8EE49D2B04953D00D00ABE /* Products */,
			);
			sourceTree = "<group>";
		};
		CE8EE49D2B04953D00D00ABE /* Products */ = {
			isa = PBXGroup;
			children = (
				CE8EE49C2B04953D00D00ABE /* School-iOS.app */,
			);
			name = Products;
			sourceTree = "<group>";
		};
		CE8EE4A52B04953E00D00ABE /* Preview Content */ = {
			isa = PBXGroup;
			children = (
				CE8EE4A62B04953E00D00ABE /* Preview Assets.xcassets */,
			);
			path = "Preview Content";
			sourceTree = "<group>";
		};
		CE8EE4AD2B04992300D00ABE /* Classes */ = {
			isa = PBXGroup;
			children = (
				CE91ED402B14B8250067E324 /* Validation */,
				CEB6D51B2B09F1CD00AF598C /* Models */,
				CEB6D4DA2B09F09300AF598C /* Business */,
				CE8EE4B42B04999A00D00ABE /* Generated */,
				CE8EE4B22B04997400D00ABE /* Modules */,
				CE8EE4B12B04996F00D00ABE /* UI */,
			);
			path = Classes;
			sourceTree = "<group>";
		};
		CE8EE4AE2B04992900D00ABE /* Resources */ = {
			isa = PBXGroup;
			children = (
				CE8EE4A32B04953E00D00ABE /* Assets.xcassets */,
				CE8EE4AF2B04994E00D00ABE /* Localizable.strings */,
			);
			path = Resources;
			sourceTree = "<group>";
		};
		CE8EE4B12B04996F00D00ABE /* UI */ = {
			isa = PBXGroup;
			children = (
				CEBF8B7E2B1F0AD100B4191F /* TabBar */,
				CEBF8B752B1EFB0F00B4191F /* Placeholder */,
				CE17699C2B1E29F50064DA32 /* ProductItem */,
				CE1769952B1E29E70064DA32 /* Typography */,
				CE91ED372B14A7540067E324 /* Checkbox */,
				CE8EE4E22B04FCF400D00ABE /* UserImage */,
				CE8EE4DD2B04ECFC00D00ABE /* Loader */,
				CE8EE4CC2B04E75600D00ABE /* StyledButton */,
				CE8EE4C12B04DDBC00D00ABE /* InputField */,
			);
			path = UI;
			sourceTree = "<group>";
		};
		CE8EE4B22B04997400D00ABE /* Modules */ = {
			isa = PBXGroup;
			children = (
				CE1769902B1E285C0064DA32 /* ProductsList */,
				CE8EE4BC2B04D64900D00ABE /* Register */,
				CE8EE4BB2B04D64400D00ABE /* Auth */,
			);
			path = Modules;
			sourceTree = "<group>";
		};
		CE8EE4B42B04999A00D00ABE /* Generated */ = {
			isa = PBXGroup;
			children = (
				CE8EE4C82B04E11E00D00ABE /* Assets.swift */,
				CE8EE4C92B04E11E00D00ABE /* Strings.swift */,
			);
			path = Generated;
			sourceTree = "<group>";
		};
		CE8EE4BB2B04D64400D00ABE /* Auth */ = {
			isa = PBXGroup;
			children = (
				CEB6D4D62B09EFCB00AF598C /* AuthPayload.swift */,
				CEB6D4D42B09EFCB00AF598C /* AuthRequest.swift */,
				CEB6D4D52B09EFCB00AF598C /* AuthResponse.swift */,
				CE8EE4B52B0499F900D00ABE /* AuthScreen.swift */,
				CE8EE4B92B049A1100D00ABE /* AuthVM.swift */,
			);
			path = Auth;
			sourceTree = "<group>";
		};
		CE8EE4BC2B04D64900D00ABE /* Register */ = {
			isa = PBXGroup;
			children = (
				CE8EE4BD2B04D66000D00ABE /* RegisterScreen.swift */,
				CE8EE4BF2B04D66F00D00ABE /* RegisterVM.swift */,
				CE45410F2B09F5E90031BC53 /* RegisterPayload.swift */,
				CE4541132B09F6050031BC53 /* RegisterResponse.swift */,
			);
			path = Register;
			sourceTree = "<group>";
		};
		CE8EE4C12B04DDBC00D00ABE /* InputField */ = {
			isa = PBXGroup;
			children = (
				CE8EE4C22B04DDCF00D00ABE /* InputField.swift */,
				CE8EE4C42B04DDDD00D00ABE /* InputFieldModel.swift */,
				CE91ED352B14A4BD0067E324 /* SecureInputField.swift */,
			);
			path = InputField;
			sourceTree = "<group>";
		};
		CE8EE4CC2B04E75600D00ABE /* StyledButton */ = {
			isa = PBXGroup;
			children = (
				CE8EE4D72B04EC5100D00ABE /* StyledButton.swift */,
				CE8EE4D92B04EC6100D00ABE /* StyledButtonStyle.swift */,
				CE8EE4DB2B04EC6C00D00ABE /* StyledButtonStyle+Default.swift */,
			);
			path = StyledButton;
			sourceTree = "<group>";
		};
		CE8EE4DD2B04ECFC00D00ABE /* Loader */ = {
			isa = PBXGroup;
			children = (
				CE8EE4DE2B04ED1400D00ABE /* Loader.swift */,
				CE8EE4E02B04ED2700D00ABE /* LoaderModifier.swift */,
			);
			path = Loader;
			sourceTree = "<group>";
		};
		CE8EE4E22B04FCF400D00ABE /* UserImage */ = {
			isa = PBXGroup;
			children = (
				CE8EE4E32B04FD0600D00ABE /* UserImage.swift */,
				CE8EE4E52B04FD1600D00ABE /* UserImageModel.swift */,
				CEC08D4C2B0B9825007EB762 /* CircularUserImage.swift */,
				CEC08D4E2B0B983C007EB762 /* EditableCircularUserImage.swift */,
			);
			path = UserImage;
			sourceTree = "<group>";
		};
		CE91ED372B14A7540067E324 /* Checkbox */ = {
			isa = PBXGroup;
			children = (
				CE91ED3A2B14A9EB0067E324 /* Checkbox.swift */,
				CE91ED3C2B14AA950067E324 /* CheckboxStyle.swift */,
				CE91ED3E2B14AB280067E324 /* CheckboxStyle+Default.swift */,
			);
			path = Checkbox;
			sourceTree = "<group>";
		};
		CE91ED402B14B8250067E324 /* Validation */ = {
			isa = PBXGroup;
			children = (
				CE91ED412B14B91D0067E324 /* FieldType.swift */,
				CE91ED432B14B95C0067E324 /* Validators.swift */,
			);
			path = Validation;
			sourceTree = "<group>";
		};
		CE91ED552B171F640067E324 /* School-iOS */ = {
			isa = PBXGroup;
			children = (
				CE8EE4A52B04953E00D00ABE /* Preview Content */,
				CE8EE4AE2B04992900D00ABE /* Resources */,
				CE8EE4AD2B04992300D00ABE /* Classes */,
				CE8EE49F2B04953D00D00ABE /* School_iOSApp.swift */,
				CE4541172B09FC3E0031BC53 /* Info.plist */,
			);
			path = "School-iOS";
			sourceTree = "<group>";
		};
		CEB6D4DA2B09F09300AF598C /* Business */ = {
			isa = PBXGroup;
			children = (
				CEB6D4DB2B09F09C00AF598C /* Factory */,
				CEB6D5202B09F27000AF598C /* Network */,
				CEB6D5592B09F27E00AF598C /* Store.swift */,
				CEB6D5192B09F10500AF598C /* UserDefaultValue.swift */,
			);
			path = Business;
			sourceTree = "<group>";
		};
		CEB6D4DB2B09F09C00AF598C /* Factory */ = {
			isa = PBXGroup;
			children = (
				CEB6D51E2B09F25700AF598C /* CoreFactory.swift */,
			);
			path = Factory;
			sourceTree = "<group>";
		};
		CEB6D51B2B09F1CD00AF598C /* Models */ = {
			isa = PBXGroup;
			children = (
				CEF2A20B2B0F9023000A7227 /* Orders */,
				CEF2A1FC2B0F8252000A7227 /* Product */,
				CECA79342B0C921B00526D52 /* User */,
				CEB6D55B2B09F34000AF598C /* AppState.swift */,
			);
			path = Models;
			sourceTree = "<group>";
		};
		CEB6D5202B09F27000AF598C /* Network */ = {
			isa = PBXGroup;
			children = (
				CEB6D5212B09F27000AF598C /* Abstract */,
				CEB6D5322B09F27000AF598C /* Implementation */,
			);
			path = Network;
			sourceTree = "<group>";
		};
		CEB6D5212B09F27000AF598C /* Abstract */ = {
			isa = PBXGroup;
			children = (
				CEB6D5222B09F27000AF598C /* RestResult.swift */,
				CEB6D5232B09F27000AF598C /* RestConfiguration.swift */,
				CEB6D5242B09F27000AF598C /* RestParameters.swift */,
				CEB6D5252B09F27000AF598C /* RestProvider.swift */,
				CEB6D5262B09F27000AF598C /* URLRequest+cURL.swift */,
				CEB6D5272B09F27000AF598C /* AnyDecodableWrapper.swift */,
				CEB6D5282B09F27000AF598C /* RequestBuilder.swift */,
				CEB6D5292B09F27000AF598C /* RefreshStrategy.swift */,
				CEB6D52A2B09F27000AF598C /* Authenticator.swift */,
				CEB6D52B2B09F27000AF598C /* NetworkErrorKind.swift */,
				CEB6D52C2B09F27000AF598C /* VoidResult.swift */,
				CEB6D52D2B09F27000AF598C /* Refresher.swift */,
				CEB6D52E2B09F27000AF598C /* Request.swift */,
				CEB6D52F2B09F27000AF598C /* RestMethod.swift */,
				CEB6D5302B09F27000AF598C /* AwesomeJSONDecoder.swift */,
				CEB6D5312B09F27000AF598C /* NetworkError.swift */,
			);
			path = Abstract;
			sourceTree = "<group>";
		};
		CEB6D5322B09F27000AF598C /* Implementation */ = {
			isa = PBXGroup;
			children = (
				CEB6D5332B09F27000AF598C /* RequestDataEncoder.swift */,
				CEB6D5342B09F27000AF598C /* BaseRequest.swift */,
				CEB6D5352B09F27000AF598C /* BaseRestResponseWrapper.swift */,
				CEB6D5362B09F27000AF598C /* ErrorRestResponseWrapper.swift */,
				CEB6D5372B09F27000AF598C /* BaseRequestBuilder.swift */,
				CEB6D5382B09F27000AF598C /* BaseRefreshStrategy.swift */,
				CEB6D5392B09F27000AF598C /* BaseRestProvider.swift */,
				CEB6D53A2B09F27000AF598C /* BaseRefresher.swift */,
				CEB6D53B2B09F27000AF598C /* RestProvider+Base.swift */,
				CEB6D53C2B09F27000AF598C /* RestParameters+Base.swift */,
				CEB6D53D2B09F27000AF598C /* BaseAuthenticator.swift */,
			);
			path = Implementation;
			sourceTree = "<group>";
		};
		CEBF8B752B1EFB0F00B4191F /* Placeholder */ = {
			isa = PBXGroup;
			children = (
				CEBF8B762B1EFB2300B4191F /* PlaceholderView.swift */,
				CEBF8B782B1EFB3900B4191F /* PlaceholderViewModifier.swift */,
				CEBF8B7A2B1EFB4300B4191F /* PlaceholderModel.swift */,
			);
			path = Placeholder;
			sourceTree = "<group>";
		};
		CEBF8B7E2B1F0AD100B4191F /* TabBar */ = {
			isa = PBXGroup;
			children = (
				CEBF8B7F2B1F0AEC00B4191F /* TabBar.swift */,
			);
			path = TabBar;
			sourceTree = "<group>";
		};
		CECA79342B0C921B00526D52 /* User */ = {
			isa = PBXGroup;
			children = (
				CECA79322B0C91DD00526D52 /* Profile.swift */,
				CECA79352B0C923A00526D52 /* UserRequest.swift */,
				CECA79372B0C974700526D52 /* UpdateUserPayload.swift */,
				CEF2A2142B0F988B000A7227 /* PhotoPayload.swift */,
			);
			path = User;
			sourceTree = "<group>";
		};
		CEF2A1FC2B0F8252000A7227 /* Product */ = {
			isa = PBXGroup;
			children = (
				CEF2A2012B0F83C1000A7227 /* Size.swift */,
				CEF2A1FF2B0F835C000A7227 /* Badge.swift */,
				CEF2A1FD2B0F82BA000A7227 /* Product.swift */,
				CEF2A2052B0F867E000A7227 /* ProductRequest.swift */,
			);
			path = Product;
			sourceTree = "<group>";
		};
		CEF2A20B2B0F9023000A7227 /* Orders */ = {
			isa = PBXGroup;
			children = (
				CEF2A20E2B0F90D4000A7227 /* OrdersRequest.swift */,
				CEF2A2102B0F927C000A7227 /* OrderProduct.swift */,
				CEF2A2122B0F9385000A7227 /* OrderCheckout.swift */,
				CE91ED302B14A1070067E324 /* Order.swift */,
			);
			path = Orders;
			sourceTree = "<group>";
		};
/* End PBXGroup section */

/* Begin PBXNativeTarget section */
		CE8EE49B2B04953D00D00ABE /* School-iOS */ = {
			isa = PBXNativeTarget;
			buildConfigurationList = CE8EE4AA2B04953E00D00ABE /* Build configuration list for PBXNativeTarget "School-iOS" */;
			buildPhases = (
				CE8EE4982B04953D00D00ABE /* Sources */,
				CE8EE4992B04953D00D00ABE /* Frameworks */,
				CE8EE49A2B04953D00D00ABE /* Resources */,
			);
			buildRules = (
			);
			dependencies = (
			);
			name = "School-iOS";
			packageProductDependencies = (
				CEB6D4CD2B09EE0E00AF598C /* netfox */,
				CEB6D4D02B09EE2900AF598C /* Factory */,
			);
			productName = "School-iOS";
			productReference = CE8EE49C2B04953D00D00ABE /* School-iOS.app */;
			productType = "com.apple.product-type.application";
		};
/* End PBXNativeTarget section */

/* Begin PBXProject section */
		CE8EE4942B04953D00D00ABE /* Project object */ = {
			isa = PBXProject;
			attributes = {
				BuildIndependentTargetsInParallel = 1;
				LastSwiftUpdateCheck = 1500;
				LastUpgradeCheck = 1500;
				TargetAttributes = {
					CE8EE49B2B04953D00D00ABE = {
						CreatedOnToolsVersion = 15.0.1;
					};
				};
			};
			buildConfigurationList = CE8EE4972B04953D00D00ABE /* Build configuration list for PBXProject "School-iOS" */;
			compatibilityVersion = "Xcode 14.0";
			developmentRegion = en;
			hasScannedForEncodings = 0;
			knownRegions = (
				en,
				Base,
			);
			mainGroup = CE8EE4932B04953D00D00ABE;
			packageReferences = (
				CEB6D4CC2B09EE0E00AF598C /* XCRemoteSwiftPackageReference "netfox" */,
				CEB6D4CF2B09EE2900AF598C /* XCRemoteSwiftPackageReference "Factory" */,
			);
			productRefGroup = CE8EE49D2B04953D00D00ABE /* Products */;
			projectDirPath = "";
			projectRoot = "";
			targets = (
				CE8EE49B2B04953D00D00ABE /* School-iOS */,
			);
		};
/* End PBXProject section */

/* Begin PBXResourcesBuildPhase section */
		CE8EE49A2B04953D00D00ABE /* Resources */ = {
			isa = PBXResourcesBuildPhase;
			buildActionMask = 2147483647;
			files = (
				CE8EE4A72B04953E00D00ABE /* Preview Assets.xcassets in Resources */,
				CE8EE4B02B04994E00D00ABE /* Localizable.strings in Resources */,
				CE8EE4A42B04953E00D00ABE /* Assets.xcassets in Resources */,
			);
			runOnlyForDeploymentPostprocessing = 0;
		};
/* End PBXResourcesBuildPhase section */

/* Begin PBXSourcesBuildPhase section */
		CE8EE4982B04953D00D00ABE /* Sources */ = {
			isa = PBXSourcesBuildPhase;
			buildActionMask = 2147483647;
			files = (
				CEB6D54F2B09F27000AF598C /* BaseRequest.swift in Sources */,
				CE8EE4DA2B04EC6100D00ABE /* StyledButtonStyle.swift in Sources */,
				CEB6D5582B09F27000AF598C /* BaseAuthenticator.swift in Sources */,
				CEB6D54C2B09F27000AF598C /* AwesomeJSONDecoder.swift in Sources */,
				CEB6D5552B09F27000AF598C /* BaseRefresher.swift in Sources */,
				CEB6D55A2B09F27E00AF598C /* Store.swift in Sources */,
				CEF2A2132B0F9385000A7227 /* OrderCheckout.swift in Sources */,
				CEF2A20F2B0F90D4000A7227 /* OrdersRequest.swift in Sources */,
				CE1769932B1E285C0064DA32 /* ProductsListVM.swift in Sources */,
				CE8EE4BE2B04D66000D00ABE /* RegisterScreen.swift in Sources */,
				CEB6D5462B09F27000AF598C /* Authenticator.swift in Sources */,
				CEB6D5542B09F27000AF598C /* BaseRestProvider.swift in Sources */,
				CE8EE4CB2B04E11E00D00ABE /* Strings.swift in Sources */,
				CE91ED422B14B91D0067E324 /* FieldType.swift in Sources */,
				CE8EE4E42B04FD0600D00ABE /* UserImage.swift in Sources */,
				CEB6D5432B09F27000AF598C /* AnyDecodableWrapper.swift in Sources */,
				CECA79382B0C974700526D52 /* UpdateUserPayload.swift in Sources */,
				CEB6D5412B09F27000AF598C /* RestProvider.swift in Sources */,
				CEF2A2152B0F988B000A7227 /* PhotoPayload.swift in Sources */,
				CEB6D54E2B09F27000AF598C /* RequestDataEncoder.swift in Sources */,
				CEB6D4D82B09EFCB00AF598C /* AuthResponse.swift in Sources */,
				CEB6D5522B09F27000AF598C /* BaseRequestBuilder.swift in Sources */,
				CEB6D4D72B09EFCB00AF598C /* AuthRequest.swift in Sources */,
				CEBF8B7B2B1EFB4300B4191F /* PlaceholderModel.swift in Sources */,
				CEBF8B802B1F0AEC00B4191F /* TabBar.swift in Sources */,
				CE8EE4D82B04EC5100D00ABE /* StyledButton.swift in Sources */,
				CE91ED442B14B95C0067E324 /* Validators.swift in Sources */,
				CECA79332B0C91DD00526D52 /* Profile.swift in Sources */,
				CEB6D5442B09F27000AF598C /* RequestBuilder.swift in Sources */,
				CEF2A2022B0F83C1000A7227 /* Size.swift in Sources */,
				CEB6D5472B09F27000AF598C /* NetworkErrorKind.swift in Sources */,
				CEB6D5492B09F27000AF598C /* Refresher.swift in Sources */,
				CEB6D5402B09F27000AF598C /* RestParameters.swift in Sources */,
				CEC08D4D2B0B9825007EB762 /* CircularUserImage.swift in Sources */,
				CEB6D51F2B09F25700AF598C /* CoreFactory.swift in Sources */,
				CEB6D5452B09F27000AF598C /* RefreshStrategy.swift in Sources */,
				CE8C9DBC2B1E3F3B00A825FE /* NextPageLoader.swift in Sources */,
				CE8EE4DC2B04EC6C00D00ABE /* StyledButtonStyle+Default.swift in Sources */,
				CE8EE4E12B04ED2700D00ABE /* LoaderModifier.swift in Sources */,
				CE8EE4BA2B049A1100D00ABE /* AuthVM.swift in Sources */,
				CE4541102B09F5E90031BC53 /* RegisterPayload.swift in Sources */,
				CE8EE4CA2B04E11E00D00ABE /* Assets.swift in Sources */,
				CE8EE4A02B04953D00D00ABE /* School_iOSApp.swift in Sources */,
				CE91ED362B14A4BD0067E324 /* SecureInputField.swift in Sources */,
				CECA79362B0C923A00526D52 /* UserRequest.swift in Sources */,
				CE8EE4C52B04DDDD00D00ABE /* InputFieldModel.swift in Sources */,
				CEB6D54B2B09F27000AF598C /* RestMethod.swift in Sources */,
				CE8EE4DF2B04ED1400D00ABE /* Loader.swift in Sources */,
				CE1769942B1E285C0064DA32 /* ProductsListScreen.swift in Sources */,
				CE8EE4E62B04FD1600D00ABE /* UserImageModel.swift in Sources */,
				CEB6D53F2B09F27000AF598C /* RestConfiguration.swift in Sources */,
				CE8EE4B62B0499F900D00ABE /* AuthScreen.swift in Sources */,
				CEB6D5422B09F27000AF598C /* URLRequest+cURL.swift in Sources */,
				CE17699B2B1E29E70064DA32 /* TypographyText.swift in Sources */,
				CEB6D5502B09F27000AF598C /* BaseRestResponseWrapper.swift in Sources */,
				CEB6D4D92B09EFCB00AF598C /* AuthPayload.swift in Sources */,
				CE1769A02B1E29F50064DA32 /* Badges.swift in Sources */,
				CE8EE4C02B04D66F00D00ABE /* RegisterVM.swift in Sources */,
				CE17699F2B1E29F50064DA32 /* ProductItem.swift in Sources */,
				CEB6D5562B09F27000AF598C /* RestProvider+Base.swift in Sources */,
				CEB6D51A2B09F10500AF598C /* UserDefaultValue.swift in Sources */,
				CE1769992B1E29E70064DA32 /* Typography.swift in Sources */,
				CEBF8B7D2B1F084300B4191F /* ProductsListRoutes.swift in Sources */,
				CEB6D55C2B09F34000AF598C /* AppState.swift in Sources */,
				CE91ED3F2B14AB280067E324 /* CheckboxStyle+Default.swift in Sources */,
				CEBF8B772B1EFB2300B4191F /* PlaceholderView.swift in Sources */,
				CEF2A1FE2B0F82BA000A7227 /* Product.swift in Sources */,
				CE8EE4C32B04DDCF00D00ABE /* InputField.swift in Sources */,
				CEBF8B792B1EFB3900B4191F /* PlaceholderViewModifier.swift in Sources */,
				CEB6D54A2B09F27000AF598C /* Request.swift in Sources */,
				CEB6D53E2B09F27000AF598C /* RestResult.swift in Sources */,
				CEB6D5512B09F27000AF598C /* ErrorRestResponseWrapper.swift in Sources */,
				CEF2A2002B0F835C000A7227 /* Badge.swift in Sources */,
				CEF2A2062B0F867E000A7227 /* ProductRequest.swift in Sources */,
				CEB6D5572B09F27000AF598C /* RestParameters+Base.swift in Sources */,
				CEB6D5532B09F27000AF598C /* BaseRefreshStrategy.swift in Sources */,
				CE4541142B09F6050031BC53 /* RegisterResponse.swift in Sources */,
				CE17699A2B1E29E70064DA32 /* Typography+Styles.swift in Sources */,
				CE91ED3B2B14A9EB0067E324 /* Checkbox.swift in Sources */,
				CEB6D5482B09F27000AF598C /* VoidResult.swift in Sources */,
				CEF2A2112B0F927C000A7227 /* OrderProduct.swift in Sources */,
				CE91ED312B14A1070067E324 /* Order.swift in Sources */,
				CEC08D4F2B0B983C007EB762 /* EditableCircularUserImage.swift in Sources */,
				CE91ED3D2B14AA950067E324 /* CheckboxStyle.swift in Sources */,
				CEB6D54D2B09F27000AF598C /* NetworkError.swift in Sources */,
			);
			runOnlyForDeploymentPostprocessing = 0;
		};
/* End PBXSourcesBuildPhase section */

/* Begin XCBuildConfiguration section */
		CE8EE4A82B04953E00D00ABE /* Debug */ = {
			isa = XCBuildConfiguration;
			buildSettings = {
				ALWAYS_SEARCH_USER_PATHS = NO;
				ASSETCATALOG_COMPILER_GENERATE_SWIFT_ASSET_SYMBOL_EXTENSIONS = YES;
				CLANG_ANALYZER_NONNULL = YES;
				CLANG_ANALYZER_NUMBER_OBJECT_CONVERSION = YES_AGGRESSIVE;
				CLANG_CXX_LANGUAGE_STANDARD = "gnu++20";
				CLANG_ENABLE_MODULES = YES;
				CLANG_ENABLE_OBJC_ARC = YES;
				CLANG_ENABLE_OBJC_WEAK = YES;
				CLANG_WARN_BLOCK_CAPTURE_AUTORELEASING = YES;
				CLANG_WARN_BOOL_CONVERSION = YES;
				CLANG_WARN_COMMA = YES;
				CLANG_WARN_CONSTANT_CONVERSION = YES;
				CLANG_WARN_DEPRECATED_OBJC_IMPLEMENTATIONS = YES;
				CLANG_WARN_DIRECT_OBJC_ISA_USAGE = YES_ERROR;
				CLANG_WARN_DOCUMENTATION_COMMENTS = YES;
				CLANG_WARN_EMPTY_BODY = YES;
				CLANG_WARN_ENUM_CONVERSION = YES;
				CLANG_WARN_INFINITE_RECURSION = YES;
				CLANG_WARN_INT_CONVERSION = YES;
				CLANG_WARN_NON_LITERAL_NULL_CONVERSION = YES;
				CLANG_WARN_OBJC_IMPLICIT_RETAIN_SELF = YES;
				CLANG_WARN_OBJC_LITERAL_CONVERSION = YES;
				CLANG_WARN_OBJC_ROOT_CLASS = YES_ERROR;
				CLANG_WARN_QUOTED_INCLUDE_IN_FRAMEWORK_HEADER = YES;
				CLANG_WARN_RANGE_LOOP_ANALYSIS = YES;
				CLANG_WARN_STRICT_PROTOTYPES = YES;
				CLANG_WARN_SUSPICIOUS_MOVE = YES;
				CLANG_WARN_UNGUARDED_AVAILABILITY = YES_AGGRESSIVE;
				CLANG_WARN_UNREACHABLE_CODE = YES;
				CLANG_WARN__DUPLICATE_METHOD_MATCH = YES;
				COPY_PHASE_STRIP = NO;
				DEBUG_INFORMATION_FORMAT = dwarf;
				ENABLE_STRICT_OBJC_MSGSEND = YES;
				ENABLE_TESTABILITY = YES;
				ENABLE_USER_SCRIPT_SANDBOXING = YES;
				GCC_C_LANGUAGE_STANDARD = gnu17;
				GCC_DYNAMIC_NO_PIC = NO;
				GCC_NO_COMMON_BLOCKS = YES;
				GCC_OPTIMIZATION_LEVEL = 0;
				GCC_PREPROCESSOR_DEFINITIONS = (
					"DEBUG=1",
					"$(inherited)",
				);
				GCC_WARN_64_TO_32_BIT_CONVERSION = YES;
				GCC_WARN_ABOUT_RETURN_TYPE = YES_ERROR;
				GCC_WARN_UNDECLARED_SELECTOR = YES;
				GCC_WARN_UNINITIALIZED_AUTOS = YES_AGGRESSIVE;
				GCC_WARN_UNUSED_FUNCTION = YES;
				GCC_WARN_UNUSED_VARIABLE = YES;
				IPHONEOS_DEPLOYMENT_TARGET = 16.6;
				LOCALIZATION_PREFERS_STRING_CATALOGS = YES;
				MTL_ENABLE_DEBUG_INFO = INCLUDE_SOURCE;
				MTL_FAST_MATH = YES;
				ONLY_ACTIVE_ARCH = YES;
				SDKROOT = iphoneos;
				SWIFT_ACTIVE_COMPILATION_CONDITIONS = "DEBUG $(inherited)";
				SWIFT_OPTIMIZATION_LEVEL = "-Onone";
			};
			name = Debug;
		};
		CE8EE4A92B04953E00D00ABE /* Release */ = {
			isa = XCBuildConfiguration;
			buildSettings = {
				ALWAYS_SEARCH_USER_PATHS = NO;
				ASSETCATALOG_COMPILER_GENERATE_SWIFT_ASSET_SYMBOL_EXTENSIONS = YES;
				CLANG_ANALYZER_NONNULL = YES;
				CLANG_ANALYZER_NUMBER_OBJECT_CONVERSION = YES_AGGRESSIVE;
				CLANG_CXX_LANGUAGE_STANDARD = "gnu++20";
				CLANG_ENABLE_MODULES = YES;
				CLANG_ENABLE_OBJC_ARC = YES;
				CLANG_ENABLE_OBJC_WEAK = YES;
				CLANG_WARN_BLOCK_CAPTURE_AUTORELEASING = YES;
				CLANG_WARN_BOOL_CONVERSION = YES;
				CLANG_WARN_COMMA = YES;
				CLANG_WARN_CONSTANT_CONVERSION = YES;
				CLANG_WARN_DEPRECATED_OBJC_IMPLEMENTATIONS = YES;
				CLANG_WARN_DIRECT_OBJC_ISA_USAGE = YES_ERROR;
				CLANG_WARN_DOCUMENTATION_COMMENTS = YES;
				CLANG_WARN_EMPTY_BODY = YES;
				CLANG_WARN_ENUM_CONVERSION = YES;
				CLANG_WARN_INFINITE_RECURSION = YES;
				CLANG_WARN_INT_CONVERSION = YES;
				CLANG_WARN_NON_LITERAL_NULL_CONVERSION = YES;
				CLANG_WARN_OBJC_IMPLICIT_RETAIN_SELF = YES;
				CLANG_WARN_OBJC_LITERAL_CONVERSION = YES;
				CLANG_WARN_OBJC_ROOT_CLASS = YES_ERROR;
				CLANG_WARN_QUOTED_INCLUDE_IN_FRAMEWORK_HEADER = YES;
				CLANG_WARN_RANGE_LOOP_ANALYSIS = YES;
				CLANG_WARN_STRICT_PROTOTYPES = YES;
				CLANG_WARN_SUSPICIOUS_MOVE = YES;
				CLANG_WARN_UNGUARDED_AVAILABILITY = YES_AGGRESSIVE;
				CLANG_WARN_UNREACHABLE_CODE = YES;
				CLANG_WARN__DUPLICATE_METHOD_MATCH = YES;
				COPY_PHASE_STRIP = NO;
				DEBUG_INFORMATION_FORMAT = "dwarf-with-dsym";
				ENABLE_NS_ASSERTIONS = NO;
				ENABLE_STRICT_OBJC_MSGSEND = YES;
				ENABLE_USER_SCRIPT_SANDBOXING = YES;
				GCC_C_LANGUAGE_STANDARD = gnu17;
				GCC_NO_COMMON_BLOCKS = YES;
				GCC_WARN_64_TO_32_BIT_CONVERSION = YES;
				GCC_WARN_ABOUT_RETURN_TYPE = YES_ERROR;
				GCC_WARN_UNDECLARED_SELECTOR = YES;
				GCC_WARN_UNINITIALIZED_AUTOS = YES_AGGRESSIVE;
				GCC_WARN_UNUSED_FUNCTION = YES;
				GCC_WARN_UNUSED_VARIABLE = YES;
				IPHONEOS_DEPLOYMENT_TARGET = 16.6;
				LOCALIZATION_PREFERS_STRING_CATALOGS = YES;
				MTL_ENABLE_DEBUG_INFO = NO;
				MTL_FAST_MATH = YES;
				SDKROOT = iphoneos;
				SWIFT_COMPILATION_MODE = wholemodule;
				VALIDATE_PRODUCT = YES;
			};
			name = Release;
		};
		CE8EE4AB2B04953E00D00ABE /* Debug */ = {
			isa = XCBuildConfiguration;
			buildSettings = {
				ASSETCATALOG_COMPILER_APPICON_NAME = AppIcon;
				ASSETCATALOG_COMPILER_GLOBAL_ACCENT_COLOR_NAME = AccentColor;
				CODE_SIGN_STYLE = Automatic;
				CURRENT_PROJECT_VERSION = 1;
				DEVELOPMENT_ASSET_PATHS = "\"School-iOS/Preview Content\"";
				DEVELOPMENT_TEAM = RJZ3DQ7A56;
				ENABLE_PREVIEWS = YES;
				GENERATE_INFOPLIST_FILE = YES;
				INFOPLIST_FILE = "School-iOS/info.plist";
				INFOPLIST_KEY_UIApplicationSceneManifest_Generation = YES;
				INFOPLIST_KEY_UIApplicationSupportsIndirectInputEvents = YES;
				INFOPLIST_KEY_UILaunchScreen_Generation = YES;
				INFOPLIST_KEY_UISupportedInterfaceOrientations_iPad = "UIInterfaceOrientationPortrait UIInterfaceOrientationPortraitUpsideDown UIInterfaceOrientationLandscapeLeft UIInterfaceOrientationLandscapeRight";
				INFOPLIST_KEY_UISupportedInterfaceOrientations_iPhone = "UIInterfaceOrientationPortrait UIInterfaceOrientationLandscapeLeft UIInterfaceOrientationLandscapeRight";
				LD_RUNPATH_SEARCH_PATHS = (
					"$(inherited)",
					"@executable_path/Frameworks",
				);
				MARKETING_VERSION = 1.0;
				PRODUCT_BUNDLE_IDENTIFIER = "shlyap1k.School-iOS";
				PRODUCT_NAME = "$(TARGET_NAME)";
				SWIFT_EMIT_LOC_STRINGS = YES;
				SWIFT_VERSION = 5.0;
				TARGETED_DEVICE_FAMILY = "1,2";
			};
			name = Debug;
		};
		CE8EE4AC2B04953E00D00ABE /* Release */ = {
			isa = XCBuildConfiguration;
			buildSettings = {
				ASSETCATALOG_COMPILER_APPICON_NAME = AppIcon;
				ASSETCATALOG_COMPILER_GLOBAL_ACCENT_COLOR_NAME = AccentColor;
				CODE_SIGN_STYLE = Automatic;
				CURRENT_PROJECT_VERSION = 1;
				DEVELOPMENT_ASSET_PATHS = "\"School-iOS/Preview Content\"";
				DEVELOPMENT_TEAM = RJZ3DQ7A56;
				ENABLE_PREVIEWS = YES;
				GENERATE_INFOPLIST_FILE = YES;
				INFOPLIST_FILE = "School-iOS/info.plist";
				INFOPLIST_KEY_UIApplicationSceneManifest_Generation = YES;
				INFOPLIST_KEY_UIApplicationSupportsIndirectInputEvents = YES;
				INFOPLIST_KEY_UILaunchScreen_Generation = YES;
				INFOPLIST_KEY_UISupportedInterfaceOrientations_iPad = "UIInterfaceOrientationPortrait UIInterfaceOrientationPortraitUpsideDown UIInterfaceOrientationLandscapeLeft UIInterfaceOrientationLandscapeRight";
				INFOPLIST_KEY_UISupportedInterfaceOrientations_iPhone = "UIInterfaceOrientationPortrait UIInterfaceOrientationLandscapeLeft UIInterfaceOrientationLandscapeRight";
				LD_RUNPATH_SEARCH_PATHS = (
					"$(inherited)",
					"@executable_path/Frameworks",
				);
				MARKETING_VERSION = 1.0;
				PRODUCT_BUNDLE_IDENTIFIER = "shlyap1k.School-iOS";
				PRODUCT_NAME = "$(TARGET_NAME)";
				SWIFT_EMIT_LOC_STRINGS = YES;
				SWIFT_VERSION = 5.0;
				TARGETED_DEVICE_FAMILY = "1,2";
			};
			name = Release;
		};
/* End XCBuildConfiguration section */

/* Begin XCConfigurationList section */
		CE8EE4972B04953D00D00ABE /* Build configuration list for PBXProject "School-iOS" */ = {
			isa = XCConfigurationList;
			buildConfigurations = (
				CE8EE4A82B04953E00D00ABE /* Debug */,
				CE8EE4A92B04953E00D00ABE /* Release */,
			);
			defaultConfigurationIsVisible = 0;
			defaultConfigurationName = Release;
		};
		CE8EE4AA2B04953E00D00ABE /* Build configuration list for PBXNativeTarget "School-iOS" */ = {
			isa = XCConfigurationList;
			buildConfigurations = (
				CE8EE4AB2B04953E00D00ABE /* Debug */,
				CE8EE4AC2B04953E00D00ABE /* Release */,
			);
			defaultConfigurationIsVisible = 0;
			defaultConfigurationName = Release;
		};
/* End XCConfigurationList section */

/* Begin XCRemoteSwiftPackageReference section */
		CEB6D4CC2B09EE0E00AF598C /* XCRemoteSwiftPackageReference "netfox" */ = {
			isa = XCRemoteSwiftPackageReference;
			repositoryURL = "https://github.com/kasketis/netfox";
			requirement = {
				kind = upToNextMajorVersion;
				minimumVersion = 1.21.0;
			};
		};
		CEB6D4CF2B09EE2900AF598C /* XCRemoteSwiftPackageReference "Factory" */ = {
			isa = XCRemoteSwiftPackageReference;
			repositoryURL = "https://github.com/hmlongco/Factory";
			requirement = {
				kind = upToNextMajorVersion;
				minimumVersion = 2.3.1;
			};
		};
/* End XCRemoteSwiftPackageReference section */

/* Begin XCSwiftPackageProductDependency section */
		CEB6D4CD2B09EE0E00AF598C /* netfox */ = {
			isa = XCSwiftPackageProductDependency;
			package = CEB6D4CC2B09EE0E00AF598C /* XCRemoteSwiftPackageReference "netfox" */;
			productName = netfox;
		};
		CEB6D4D02B09EE2900AF598C /* Factory */ = {
			isa = XCSwiftPackageProductDependency;
			package = CEB6D4CF2B09EE2900AF598C /* XCRemoteSwiftPackageReference "Factory" */;
			productName = Factory;
		};
/* End XCSwiftPackageProductDependency section */
	};
	rootObject = CE8EE4942B04953D00D00ABE /* Project object */;
}
